
Microsoft Visual Studio Solution File, Format Version 12.00
# Visual Studio Version 17
VisualStudioVersion = 17.0.31903.59
MinimumVisualStudioVersion = 10.0.40219.1
Project("{2150E333-8FDC-42A3-9474-1A3956D46DE8}") = "src", "src", "{827E0CD3-B72D-47B6-A68D-7590B98EB39B}"
EndProject
Project("{FAE04EC0-301F-11D3-BF4B-00C04F79EFBC}") = "AuctionService", "src\AuctionService\AuctionService.csproj", "{D79EB2A0-DA8C-4D7C-A5A3-D5E9B21EEBB4}"
EndProject
Project("{FAE04EC0-301F-11D3-BF4B-00C04F79EFBC}") = "SearchService", "src\SearchService\SearchService.csproj", "{71122A7C-DC64-4F99-9251-6CB3664B3440}"
EndProject
Project("{FAE04EC0-301F-11D3-BF4B-00C04F79EFBC}") = "Contracts", "src\Contracts\Contracts.csproj", "{675BE13D-81A3-4A73-ABC3-0C77667309B2}"
EndProject
Project("{FAE04EC0-301F-11D3-BF4B-00C04F79EFBC}") = "IdentityService", "src\IdentityService\IdentityService.csproj", "{EA57A010-BDB5-4C9E-A488-E9096C619159}"
EndProject
Project("{FAE04EC0-301F-11D3-BF4B-00C04F79EFBC}") = "GatewayService", "src\GatewayService\GatewayService.csproj", "{8EEC0BE4-4D5C-4958-B8B3-4F339BB1C7C0}"
EndProject
Global
	GlobalSection(SolutionConfigurationPlatforms) = preSolution
		Debug|Any CPU = Debug|Any CPU
		Debug|x64 = Debug|x64
		Debug|x86 = Debug|x86
		Release|Any CPU = Release|Any CPU
		Release|x64 = Release|x64
		Release|x86 = Release|x86
	EndGlobalSection
	GlobalSection(ProjectConfigurationPlatforms) = postSolution
		{D79EB2A0-DA8C-4D7C-A5A3-D5E9B21EEBB4}.Debug|Any CPU.ActiveCfg = Debug|Any CPU
		{D79EB2A0-DA8C-4D7C-A5A3-D5E9B21EEBB4}.Debug|Any CPU.Build.0 = Debug|Any CPU
		{D79EB2A0-DA8C-4D7C-A5A3-D5E9B21EEBB4}.Debug|x64.ActiveCfg = Debug|Any CPU
		{D79EB2A0-DA8C-4D7C-A5A3-D5E9B21EEBB4}.Debug|x64.Build.0 = Debug|Any CPU
		{D79EB2A0-DA8C-4D7C-A5A3-D5E9B21EEBB4}.Debug|x86.ActiveCfg = Debug|Any CPU
		{D79EB2A0-DA8C-4D7C-A5A3-D5E9B21EEBB4}.Debug|x86.Build.0 = Debug|Any CPU
		{D79EB2A0-DA8C-4D7C-A5A3-D5E9B21EEBB4}.Release|Any CPU.ActiveCfg = Release|Any CPU
		{D79EB2A0-DA8C-4D7C-A5A3-D5E9B21EEBB4}.Release|Any CPU.Build.0 = Release|Any CPU
		{D79EB2A0-DA8C-4D7C-A5A3-D5E9B21EEBB4}.Release|x64.ActiveCfg = Release|Any CPU
		{D79EB2A0-DA8C-4D7C-A5A3-D5E9B21EEBB4}.Release|x64.Build.0 = Release|Any CPU
		{D79EB2A0-DA8C-4D7C-A5A3-D5E9B21EEBB4}.Release|x86.ActiveCfg = Release|Any CPU
		{D79EB2A0-DA8C-4D7C-A5A3-D5E9B21EEBB4}.Release|x86.Build.0 = Release|Any CPU
		{71122A7C-DC64-4F99-9251-6CB3664B3440}.Debug|Any CPU.ActiveCfg = Debug|Any CPU
		{71122A7C-DC64-4F99-9251-6CB3664B3440}.Debug|Any CPU.Build.0 = Debug|Any CPU
		{71122A7C-DC64-4F99-9251-6CB3664B3440}.Debug|x64.ActiveCfg = Debug|Any CPU
		{71122A7C-DC64-4F99-9251-6CB3664B3440}.Debug|x64.Build.0 = Debug|Any CPU
		{71122A7C-DC64-4F99-9251-6CB3664B3440}.Debug|x86.ActiveCfg = Debug|Any CPU
		{71122A7C-DC64-4F99-9251-6CB3664B3440}.Debug|x86.Build.0 = Debug|Any CPU
		{71122A7C-DC64-4F99-9251-6CB3664B3440}.Release|Any CPU.ActiveCfg = Release|Any CPU
		{71122A7C-DC64-4F99-9251-6CB3664B3440}.Release|Any CPU.Build.0 = Release|Any CPU
		{71122A7C-DC64-4F99-9251-6CB3664B3440}.Release|x64.ActiveCfg = Release|Any CPU
		{71122A7C-DC64-4F99-9251-6CB3664B3440}.Release|x64.Build.0 = Release|Any CPU
		{71122A7C-DC64-4F99-9251-6CB3664B3440}.Release|x86.ActiveCfg = Release|Any CPU
		{71122A7C-DC64-4F99-9251-6CB3664B3440}.Release|x86.Build.0 = Release|Any CPU
		{675BE13D-81A3-4A73-ABC3-0C77667309B2}.Debug|Any CPU.ActiveCfg = Debug|Any CPU
		{675BE13D-81A3-4A73-ABC3-0C77667309B2}.Debug|Any CPU.Build.0 = Debug|Any CPU
		{675BE13D-81A3-4A73-ABC3-0C77667309B2}.Debug|x64.ActiveCfg = Debug|Any CPU
		{675BE13D-81A3-4A73-ABC3-0C77667309B2}.Debug|x64.Build.0 = Debug|Any CPU
		{675BE13D-81A3-4A73-ABC3-0C77667309B2}.Debug|x86.ActiveCfg = Debug|Any CPU
		{675BE13D-81A3-4A73-ABC3-0C77667309B2}.Debug|x86.Build.0 = Debug|Any CPU
		{675BE13D-81A3-4A73-ABC3-0C77667309B2}.Release|Any CPU.ActiveCfg = Release|Any CPU
		{675BE13D-81A3-4A73-ABC3-0C77667309B2}.Release|Any CPU.Build.0 = Release|Any CPU
		{675BE13D-81A3-4A73-ABC3-0C77667309B2}.Release|x64.ActiveCfg = Release|Any CPU
		{675BE13D-81A3-4A73-ABC3-0C77667309B2}.Release|x64.Build.0 = Release|Any CPU
		{675BE13D-81A3-4A73-ABC3-0C77667309B2}.Release|x86.ActiveCfg = Release|Any CPU
		{675BE13D-81A3-4A73-ABC3-0C77667309B2}.Release|x86.Build.0 = Release|Any CPU
		{EA57A010-BDB5-4C9E-A488-E9096C619159}.Debug|Any CPU.ActiveCfg = Debug|Any CPU
		{EA57A010-BDB5-4C9E-A488-E9096C619159}.Debug|Any CPU.Build.0 = Debug|Any CPU
		{EA57A010-BDB5-4C9E-A488-E9096C619159}.Debug|x64.ActiveCfg = Debug|Any CPU
		{EA57A010-BDB5-4C9E-A488-E9096C619159}.Debug|x64.Build.0 = Debug|Any CPU
		{EA57A010-BDB5-4C9E-A488-E9096C619159}.Debug|x86.ActiveCfg = Debug|Any CPU
		{EA57A010-BDB5-4C9E-A488-E9096C619159}.Debug|x86.Build.0 = Debug|Any CPU
		{EA57A010-BDB5-4C9E-A488-E9096C619159}.Release|Any CPU.ActiveCfg = Release|Any CPU
		{EA57A010-BDB5-4C9E-A488-E9096C619159}.Release|Any CPU.Build.0 = Release|Any CPU
		{EA57A010-BDB5-4C9E-A488-E9096C619159}.Release|x64.ActiveCfg = Release|Any CPU
		{EA57A010-BDB5-4C9E-A488-E9096C619159}.Release|x64.Build.0 = Release|Any CPU
		{EA57A010-BDB5-4C9E-A488-E9096C619159}.Release|x86.ActiveCfg = Release|Any CPU
		{EA57A010-BDB5-4C9E-A488-E9096C619159}.Release|x86.Build.0 = Release|Any CPU
		{8EEC0BE4-4D5C-4958-B8B3-4F339BB1C7C0}.Debug|Any CPU.ActiveCfg = Debug|Any CPU
		{8EEC0BE4-4D5C-4958-B8B3-4F339BB1C7C0}.Debug|Any CPU.Build.0 = Debug|Any CPU
		{8EEC0BE4-4D5C-4958-B8B3-4F339BB1C7C0}.Debug|x64.ActiveCfg = Debug|Any CPU
		{8EEC0BE4-4D5C-4958-B8B3-4F339BB1C7C0}.Debug|x64.Build.0 = Debug|Any CPU
		{8EEC0BE4-4D5C-4958-B8B3-4F339BB1C7C0}.Debug|x86.ActiveCfg = Debug|Any CPU
		{8EEC0BE4-4D5C-4958-B8B3-4F339BB1C7C0}.Debug|x86.Build.0 = Debug|Any CPU
		{8EEC0BE4-4D5C-4958-B8B3-4F339BB1C7C0}.Release|Any CPU.ActiveCfg = Release|Any CPU
		{8EEC0BE4-4D5C-4958-B8B3-4F339BB1C7C0}.Release|Any CPU.Build.0 = Release|Any CPU
		{8EEC0BE4-4D5C-4958-B8B3-4F339BB1C7C0}.Release|x64.ActiveCfg = Release|Any CPU
		{8EEC0BE4-4D5C-4958-B8B3-4F339BB1C7C0}.Release|x64.Build.0 = Release|Any CPU
		{8EEC0BE4-4D5C-4958-B8B3-4F339BB1C7C0}.Release|x86.ActiveCfg = Release|Any CPU
		{8EEC0BE4-4D5C-4958-B8B3-4F339BB1C7C0}.Release|x86.Build.0 = Release|Any CPU
	EndGlobalSection
	GlobalSection(SolutionProperties) = preSolution
		HideSolutionNode = FALSE
	EndGlobalSection
	GlobalSection(NestedProjects) = preSolution
		{D79EB2A0-DA8C-4D7C-A5A3-D5E9B21EEBB4} = {827E0CD3-B72D-47B6-A68D-7590B98EB39B}
		{71122A7C-DC64-4F99-9251-6CB3664B3440} = {827E0CD3-B72D-47B6-A68D-7590B98EB39B}
		{675BE13D-81A3-4A73-ABC3-0C77667309B2} = {827E0CD3-B72D-47B6-A68D-7590B98EB39B}
		{EA57A010-BDB5-4C9E-A488-E9096C619159} = {827E0CD3-B72D-47B6-A68D-7590B98EB39B}
		{8EEC0BE4-4D5C-4958-B8B3-4F339BB1C7C0} = {827E0CD3-B72D-47B6-A68D-7590B98EB39B}
	EndGlobalSection
EndGlobal
